
Microsoft Visual Studio Solution File, Format Version 12.00
# Visual Studio Version 16
VisualStudioVersion = 16.0.29609.76
MinimumVisualStudioVersion = 10.0.40219.1
Project("{9A19103F-16F7-4668-BE54-9A1E7A4F7556}") = "Miki.Localization", "src\Miki.Localization\Miki.Localization.csproj", "{CDC470E9-2326-4BD6-8DE5-308A9BB0D211}"
EndProject
Project("{9A19103F-16F7-4668-BE54-9A1E7A4F7556}") = "Miki.Localization.Tests", "tests\Miki.Localization.Tests\Miki.Localization.Tests.csproj", "{50405D1A-F492-4105-824A-9282E08928CA}"
EndProject
Global
	GlobalSection(SolutionConfigurationPlatforms) = preSolution
		Debug|Any CPU = Debug|Any CPU
		Release|Any CPU = Release|Any CPU
	EndGlobalSection
	GlobalSection(ProjectConfigurationPlatforms) = postSolution
		{CDC470E9-2326-4BD6-8DE5-308A9BB0D211}.Debug|Any CPU.ActiveCfg = Debug|Any CPU
		{CDC470E9-2326-4BD6-8DE5-308A9BB0D211}.Debug|Any CPU.Build.0 = Debug|Any CPU
		{CDC470E9-2326-4BD6-8DE5-308A9BB0D211}.Release|Any CPU.ActiveCfg = Release|Any CPU
		{CDC470E9-2326-4BD6-8DE5-308A9BB0D211}.Release|Any CPU.Build.0 = Release|Any CPU
		{50405D1A-F492-4105-824A-9282E08928CA}.Debug|Any CPU.ActiveCfg = Debug|Any CPU
		{50405D1A-F492-4105-824A-9282E08928CA}.Debug|Any CPU.Build.0 = Debug|Any CPU
		{50405D1A-F492-4105-824A-9282E08928CA}.Release|Any CPU.ActiveCfg = Release|Any CPU
		{50405D1A-F492-4105-824A-9282E08928CA}.Release|Any CPU.Build.0 = Release|Any CPU
	EndGlobalSection
	GlobalSection(SolutionProperties) = preSolution
		HideSolutionNode = FALSE
	EndGlobalSection
	GlobalSection(ExtensibilityGlobals) = postSolution
		SolutionGuid = {09CAB6AA-08DF-43A3-B091-A46CD4B2DFFC}
	EndGlobalSection
EndGlobal
